
Microsoft Visual Studio Solution File, Format Version 12.00
# Visual Studio Version 16
VisualStudioVersion = 16.0.29728.190
MinimumVisualStudioVersion = 10.0.40219.1
Project("{FAE04EC0-301F-11D3-BF4B-00C04F79EFBC}") = "hackathon tests", "hackathon tests.csproj", "{270423C3-C09A-4800-97C5-599DF823283A}"
EndProject
Global
	GlobalSection(SolutionConfigurationPlatforms) = preSolution
		Debug|Any CPU = Debug|Any CPU
		Release|Any CPU = Release|Any CPU
	EndGlobalSection
	GlobalSection(ProjectConfigurationPlatforms) = postSolution
		{270423C3-C09A-4800-97C5-599DF823283A}.Debug|Any CPU.ActiveCfg = Debug|Any CPU
		{270423C3-C09A-4800-97C5-599DF823283A}.Debug|Any CPU.Build.0 = Debug|Any CPU
		{270423C3-C09A-4800-97C5-599DF823283A}.Release|Any CPU.ActiveCfg = Release|Any CPU
		{270423C3-C09A-4800-97C5-599DF823283A}.Release|Any CPU.Build.0 = Release|Any CPU
	EndGlobalSection
	GlobalSection(SolutionProperties) = preSolution
		HideSolutionNode = FALSE
	EndGlobalSection
	GlobalSection(ExtensibilityGlobals) = postSolution
		SolutionGuid = {D59CD7C4-1343-49A5-92EA-432BEA538B84}
	EndGlobalSection
EndGlobal
